
Microsoft Visual Studio Solution File, Format Version 12.00
# Visual Studio 2012
Project("{FAE04EC0-301F-11D3-BF4B-00C04F79EFBC}") = "MvvmDemo.Core", "MvvmDemo.Core\MvvmDemo.Core.csproj", "{A3F531B7-F56D-4BC7-BA90-51C1ECB0863E}"
EndProject
Project("{FAE04EC0-301F-11D3-BF4B-00C04F79EFBC}") = "MvvmDemo.WinPhone", "MvvmDemo.WinPhone\MvvmDemo.WinPhone.csproj", "{765E3AD1-F730-445F-B097-969BA5862740}"
EndProject
Project("{FAE04EC0-301F-11D3-BF4B-00C04F79EFBC}") = "MvvmDemo.WinStore", "MvvmDemo.WinStore\MvvmDemo.WinStore.csproj", "{E532B802-D31F-44FA-9D33-07B998028A36}"
EndProject
Project("{FAE04EC0-301F-11D3-BF4B-00C04F79EFBC}") = "MvvmDemo.Core.iOS", "MvvmDemo.Core.iOS\MvvmDemo.Core.iOS.csproj", "{5FFF6C9D-5E68-4E69-A0EE-FA6EC7398584}"
EndProject
Project("{FAE04EC0-301F-11D3-BF4B-00C04F79EFBC}") = "MvvmDemo.iOS", "MvvmDemo.iOS\MvvmDemo.iOS.csproj", "{8CB24B91-0A95-4F11-9003-E45B59A0F0F2}"
EndProject
Project("{FAE04EC0-301F-11D3-BF4B-00C04F79EFBC}") = "MvvmDemo.Core.Droid", "MvvmDemo.Core.Droid\MvvmDemo.Core.Droid.csproj", "{917F97EB-E38E-4948-B116-5304D942A2A9}"
EndProject
Project("{FAE04EC0-301F-11D3-BF4B-00C04F79EFBC}") = "MvvmDemo.Droid", "MvvmDemo.Droid\MvvmDemo.Droid.csproj", "{C751FD69-2CD1-4216-AAA4-80F4913BC457}"
EndProject
Global
	GlobalSection(SolutionConfigurationPlatforms) = preSolution
		Ad-Hoc|Any CPU = Ad-Hoc|Any CPU
		Ad-Hoc|ARM = Ad-Hoc|ARM
		Ad-Hoc|iPhone = Ad-Hoc|iPhone
		Ad-Hoc|iPhoneSimulator = Ad-Hoc|iPhoneSimulator
		Ad-Hoc|Mixed Platforms = Ad-Hoc|Mixed Platforms
		Ad-Hoc|x64 = Ad-Hoc|x64
		Ad-Hoc|x86 = Ad-Hoc|x86
		AppStore|Any CPU = AppStore|Any CPU
		AppStore|ARM = AppStore|ARM
		AppStore|iPhone = AppStore|iPhone
		AppStore|iPhoneSimulator = AppStore|iPhoneSimulator
		AppStore|Mixed Platforms = AppStore|Mixed Platforms
		AppStore|x64 = AppStore|x64
		AppStore|x86 = AppStore|x86
		Debug|Any CPU = Debug|Any CPU
		Debug|ARM = Debug|ARM
		Debug|iPhone = Debug|iPhone
		Debug|iPhoneSimulator = Debug|iPhoneSimulator
		Debug|Mixed Platforms = Debug|Mixed Platforms
		Debug|x64 = Debug|x64
		Debug|x86 = Debug|x86
		Release|Any CPU = Release|Any CPU
		Release|ARM = Release|ARM
		Release|iPhone = Release|iPhone
		Release|iPhoneSimulator = Release|iPhoneSimulator
		Release|Mixed Platforms = Release|Mixed Platforms
		Release|x64 = Release|x64
		Release|x86 = Release|x86
	EndGlobalSection
	GlobalSection(ProjectConfigurationPlatforms) = postSolution
		{A3F531B7-F56D-4BC7-BA90-51C1ECB0863E}.Ad-Hoc|Any CPU.ActiveCfg = Release|Any CPU
		{A3F531B7-F56D-4BC7-BA90-51C1ECB0863E}.Ad-Hoc|Any CPU.Build.0 = Release|Any CPU
		{A3F531B7-F56D-4BC7-BA90-51C1ECB0863E}.Ad-Hoc|ARM.ActiveCfg = Release|Any CPU
		{A3F531B7-F56D-4BC7-BA90-51C1ECB0863E}.Ad-Hoc|iPhone.ActiveCfg = Release|Any CPU
		{A3F531B7-F56D-4BC7-BA90-51C1ECB0863E}.Ad-Hoc|iPhoneSimulator.ActiveCfg = Release|Any CPU
		{A3F531B7-F56D-4BC7-BA90-51C1ECB0863E}.Ad-Hoc|Mixed Platforms.ActiveCfg = Release|Any CPU
		{A3F531B7-F56D-4BC7-BA90-51C1ECB0863E}.Ad-Hoc|Mixed Platforms.Build.0 = Release|Any CPU
		{A3F531B7-F56D-4BC7-BA90-51C1ECB0863E}.Ad-Hoc|x64.ActiveCfg = Release|Any CPU
		{A3F531B7-F56D-4BC7-BA90-51C1ECB0863E}.Ad-Hoc|x86.ActiveCfg = Release|Any CPU
		{A3F531B7-F56D-4BC7-BA90-51C1ECB0863E}.AppStore|Any CPU.ActiveCfg = Release|Any CPU
		{A3F531B7-F56D-4BC7-BA90-51C1ECB0863E}.AppStore|Any CPU.Build.0 = Release|Any CPU
		{A3F531B7-F56D-4BC7-BA90-51C1ECB0863E}.AppStore|ARM.ActiveCfg = Release|Any CPU
		{A3F531B7-F56D-4BC7-BA90-51C1ECB0863E}.AppStore|iPhone.ActiveCfg = Release|Any CPU
		{A3F531B7-F56D-4BC7-BA90-51C1ECB0863E}.AppStore|iPhoneSimulator.ActiveCfg = Release|Any CPU
		{A3F531B7-F56D-4BC7-BA90-51C1ECB0863E}.AppStore|Mixed Platforms.ActiveCfg = Release|Any CPU
		{A3F531B7-F56D-4BC7-BA90-51C1ECB0863E}.AppStore|Mixed Platforms.Build.0 = Release|Any CPU
		{A3F531B7-F56D-4BC7-BA90-51C1ECB0863E}.AppStore|x64.ActiveCfg = Release|Any CPU
		{A3F531B7-F56D-4BC7-BA90-51C1ECB0863E}.AppStore|x86.ActiveCfg = Release|Any CPU
		{A3F531B7-F56D-4BC7-BA90-51C1ECB0863E}.Debug|Any CPU.ActiveCfg = Debug|Any CPU
		{A3F531B7-F56D-4BC7-BA90-51C1ECB0863E}.Debug|Any CPU.Build.0 = Debug|Any CPU
		{A3F531B7-F56D-4BC7-BA90-51C1ECB0863E}.Debug|ARM.ActiveCfg = Debug|Any CPU
		{A3F531B7-F56D-4BC7-BA90-51C1ECB0863E}.Debug|iPhone.ActiveCfg = Debug|Any CPU
		{A3F531B7-F56D-4BC7-BA90-51C1ECB0863E}.Debug|iPhoneSimulator.ActiveCfg = Debug|Any CPU
		{A3F531B7-F56D-4BC7-BA90-51C1ECB0863E}.Debug|Mixed Platforms.ActiveCfg = Debug|Any CPU
		{A3F531B7-F56D-4BC7-BA90-51C1ECB0863E}.Debug|Mixed Platforms.Build.0 = Debug|Any CPU
		{A3F531B7-F56D-4BC7-BA90-51C1ECB0863E}.Debug|x64.ActiveCfg = Debug|Any CPU
		{A3F531B7-F56D-4BC7-BA90-51C1ECB0863E}.Debug|x86.ActiveCfg = Debug|Any CPU
		{A3F531B7-F56D-4BC7-BA90-51C1ECB0863E}.Release|Any CPU.ActiveCfg = Release|Any CPU
		{A3F531B7-F56D-4BC7-BA90-51C1ECB0863E}.Release|Any CPU.Build.0 = Release|Any CPU
		{A3F531B7-F56D-4BC7-BA90-51C1ECB0863E}.Release|ARM.ActiveCfg = Release|Any CPU
		{A3F531B7-F56D-4BC7-BA90-51C1ECB0863E}.Release|iPhone.ActiveCfg = Release|Any CPU
		{A3F531B7-F56D-4BC7-BA90-51C1ECB0863E}.Release|iPhoneSimulator.ActiveCfg = Release|Any CPU
		{A3F531B7-F56D-4BC7-BA90-51C1ECB0863E}.Release|Mixed Platforms.ActiveCfg = Release|Any CPU
		{A3F531B7-F56D-4BC7-BA90-51C1ECB0863E}.Release|Mixed Platforms.Build.0 = Release|Any CPU
		{A3F531B7-F56D-4BC7-BA90-51C1ECB0863E}.Release|x64.ActiveCfg = Release|Any CPU
		{A3F531B7-F56D-4BC7-BA90-51C1ECB0863E}.Release|x86.ActiveCfg = Release|Any CPU
		{765E3AD1-F730-445F-B097-969BA5862740}.Ad-Hoc|Any CPU.ActiveCfg = Release|Any CPU
		{765E3AD1-F730-445F-B097-969BA5862740}.Ad-Hoc|Any CPU.Build.0 = Release|Any CPU
		{765E3AD1-F730-445F-B097-969BA5862740}.Ad-Hoc|Any CPU.Deploy.0 = Release|Any CPU
		{765E3AD1-F730-445F-B097-969BA5862740}.Ad-Hoc|ARM.ActiveCfg = Release|ARM
		{765E3AD1-F730-445F-B097-969BA5862740}.Ad-Hoc|ARM.Build.0 = Release|ARM
		{765E3AD1-F730-445F-B097-969BA5862740}.Ad-Hoc|ARM.Deploy.0 = Release|ARM
		{765E3AD1-F730-445F-B097-969BA5862740}.Ad-Hoc|iPhone.ActiveCfg = Release|Any CPU
		{765E3AD1-F730-445F-B097-969BA5862740}.Ad-Hoc|iPhoneSimulator.ActiveCfg = Release|Any CPU
		{765E3AD1-F730-445F-B097-969BA5862740}.Ad-Hoc|Mixed Platforms.ActiveCfg = Release|x86
		{765E3AD1-F730-445F-B097-969BA5862740}.Ad-Hoc|Mixed Platforms.Build.0 = Release|x86
		{765E3AD1-F730-445F-B097-969BA5862740}.Ad-Hoc|Mixed Platforms.Deploy.0 = Release|x86
		{765E3AD1-F730-445F-B097-969BA5862740}.Ad-Hoc|x64.ActiveCfg = Release|Any CPU
		{765E3AD1-F730-445F-B097-969BA5862740}.Ad-Hoc|x86.ActiveCfg = Release|x86
		{765E3AD1-F730-445F-B097-969BA5862740}.Ad-Hoc|x86.Build.0 = Release|x86
		{765E3AD1-F730-445F-B097-969BA5862740}.Ad-Hoc|x86.Deploy.0 = Release|x86
		{765E3AD1-F730-445F-B097-969BA5862740}.AppStore|Any CPU.ActiveCfg = Release|Any CPU
		{765E3AD1-F730-445F-B097-969BA5862740}.AppStore|Any CPU.Build.0 = Release|Any CPU
		{765E3AD1-F730-445F-B097-969BA5862740}.AppStore|Any CPU.Deploy.0 = Release|Any CPU
		{765E3AD1-F730-445F-B097-969BA5862740}.AppStore|ARM.ActiveCfg = Release|ARM
		{765E3AD1-F730-445F-B097-969BA5862740}.AppStore|ARM.Build.0 = Release|ARM
		{765E3AD1-F730-445F-B097-969BA5862740}.AppStore|ARM.Deploy.0 = Release|ARM
		{765E3AD1-F730-445F-B097-969BA5862740}.AppStore|iPhone.ActiveCfg = Release|Any CPU
		{765E3AD1-F730-445F-B097-969BA5862740}.AppStore|iPhoneSimulator.ActiveCfg = Release|Any CPU
		{765E3AD1-F730-445F-B097-969BA5862740}.AppStore|Mixed Platforms.ActiveCfg = Release|x86
		{765E3AD1-F730-445F-B097-969BA5862740}.AppStore|Mixed Platforms.Build.0 = Release|x86
		{765E3AD1-F730-445F-B097-969BA5862740}.AppStore|Mixed Platforms.Deploy.0 = Release|x86
		{765E3AD1-F730-445F-B097-969BA5862740}.AppStore|x64.ActiveCfg = Release|Any CPU
		{765E3AD1-F730-445F-B097-969BA5862740}.AppStore|x86.ActiveCfg = Release|x86
		{765E3AD1-F730-445F-B097-969BA5862740}.AppStore|x86.Build.0 = Release|x86
		{765E3AD1-F730-445F-B097-969BA5862740}.AppStore|x86.Deploy.0 = Release|x86
		{765E3AD1-F730-445F-B097-969BA5862740}.Debug|Any CPU.ActiveCfg = Debug|Any CPU
		{765E3AD1-F730-445F-B097-969BA5862740}.Debug|Any CPU.Build.0 = Debug|Any CPU
		{765E3AD1-F730-445F-B097-969BA5862740}.Debug|Any CPU.Deploy.0 = Debug|Any CPU
		{765E3AD1-F730-445F-B097-969BA5862740}.Debug|ARM.ActiveCfg = Debug|ARM
		{765E3AD1-F730-445F-B097-969BA5862740}.Debug|ARM.Build.0 = Debug|ARM
		{765E3AD1-F730-445F-B097-969BA5862740}.Debug|ARM.Deploy.0 = Debug|ARM
		{765E3AD1-F730-445F-B097-969BA5862740}.Debug|iPhone.ActiveCfg = Debug|Any CPU
		{765E3AD1-F730-445F-B097-969BA5862740}.Debug|iPhoneSimulator.ActiveCfg = Debug|Any CPU
		{765E3AD1-F730-445F-B097-969BA5862740}.Debug|Mixed Platforms.ActiveCfg = Debug|x86
		{765E3AD1-F730-445F-B097-969BA5862740}.Debug|Mixed Platforms.Build.0 = Debug|x86
		{765E3AD1-F730-445F-B097-969BA5862740}.Debug|Mixed Platforms.Deploy.0 = Debug|x86
		{765E3AD1-F730-445F-B097-969BA5862740}.Debug|x64.ActiveCfg = Debug|Any CPU
		{765E3AD1-F730-445F-B097-969BA5862740}.Debug|x86.ActiveCfg = Debug|x86
		{765E3AD1-F730-445F-B097-969BA5862740}.Debug|x86.Build.0 = Debug|x86
		{765E3AD1-F730-445F-B097-969BA5862740}.Debug|x86.Deploy.0 = Debug|x86
		{765E3AD1-F730-445F-B097-969BA5862740}.Release|Any CPU.ActiveCfg = Release|Any CPU
		{765E3AD1-F730-445F-B097-969BA5862740}.Release|Any CPU.Build.0 = Release|Any CPU
		{765E3AD1-F730-445F-B097-969BA5862740}.Release|Any CPU.Deploy.0 = Release|Any CPU
		{765E3AD1-F730-445F-B097-969BA5862740}.Release|ARM.ActiveCfg = Release|ARM
		{765E3AD1-F730-445F-B097-969BA5862740}.Release|ARM.Build.0 = Release|ARM
		{765E3AD1-F730-445F-B097-969BA5862740}.Release|ARM.Deploy.0 = Release|ARM
		{765E3AD1-F730-445F-B097-969BA5862740}.Release|iPhone.ActiveCfg = Release|Any CPU
		{765E3AD1-F730-445F-B097-969BA5862740}.Release|iPhoneSimulator.ActiveCfg = Release|Any CPU
		{765E3AD1-F730-445F-B097-969BA5862740}.Release|Mixed Platforms.ActiveCfg = Release|x86
		{765E3AD1-F730-445F-B097-969BA5862740}.Release|Mixed Platforms.Build.0 = Release|x86
		{765E3AD1-F730-445F-B097-969BA5862740}.Release|Mixed Platforms.Deploy.0 = Release|x86
		{765E3AD1-F730-445F-B097-969BA5862740}.Release|x64.ActiveCfg = Release|Any CPU
		{765E3AD1-F730-445F-B097-969BA5862740}.Release|x86.ActiveCfg = Release|x86
		{765E3AD1-F730-445F-B097-969BA5862740}.Release|x86.Build.0 = Release|x86
		{765E3AD1-F730-445F-B097-969BA5862740}.Release|x86.Deploy.0 = Release|x86
		{E532B802-D31F-44FA-9D33-07B998028A36}.Ad-Hoc|Any CPU.ActiveCfg = Release|Any CPU
		{E532B802-D31F-44FA-9D33-07B998028A36}.Ad-Hoc|Any CPU.Build.0 = Release|Any CPU
		{E532B802-D31F-44FA-9D33-07B998028A36}.Ad-Hoc|Any CPU.Deploy.0 = Release|Any CPU
		{E532B802-D31F-44FA-9D33-07B998028A36}.Ad-Hoc|ARM.ActiveCfg = Release|ARM
		{E532B802-D31F-44FA-9D33-07B998028A36}.Ad-Hoc|ARM.Build.0 = Release|ARM
		{E532B802-D31F-44FA-9D33-07B998028A36}.Ad-Hoc|ARM.Deploy.0 = Release|ARM
		{E532B802-D31F-44FA-9D33-07B998028A36}.Ad-Hoc|iPhone.ActiveCfg = Release|Any CPU
		{E532B802-D31F-44FA-9D33-07B998028A36}.Ad-Hoc|iPhoneSimulator.ActiveCfg = Release|Any CPU
		{E532B802-D31F-44FA-9D33-07B998028A36}.Ad-Hoc|Mixed Platforms.ActiveCfg = Release|x86
		{E532B802-D31F-44FA-9D33-07B998028A36}.Ad-Hoc|Mixed Platforms.Build.0 = Release|x86
		{E532B802-D31F-44FA-9D33-07B998028A36}.Ad-Hoc|Mixed Platforms.Deploy.0 = Release|x86
		{E532B802-D31F-44FA-9D33-07B998028A36}.Ad-Hoc|x64.ActiveCfg = Release|x64
		{E532B802-D31F-44FA-9D33-07B998028A36}.Ad-Hoc|x64.Build.0 = Release|x64
		{E532B802-D31F-44FA-9D33-07B998028A36}.Ad-Hoc|x64.Deploy.0 = Release|x64
		{E532B802-D31F-44FA-9D33-07B998028A36}.Ad-Hoc|x86.ActiveCfg = Release|x86
		{E532B802-D31F-44FA-9D33-07B998028A36}.Ad-Hoc|x86.Build.0 = Release|x86
		{E532B802-D31F-44FA-9D33-07B998028A36}.Ad-Hoc|x86.Deploy.0 = Release|x86
		{E532B802-D31F-44FA-9D33-07B998028A36}.AppStore|Any CPU.ActiveCfg = Release|Any CPU
		{E532B802-D31F-44FA-9D33-07B998028A36}.AppStore|Any CPU.Build.0 = Release|Any CPU
		{E532B802-D31F-44FA-9D33-07B998028A36}.AppStore|Any CPU.Deploy.0 = Release|Any CPU
		{E532B802-D31F-44FA-9D33-07B998028A36}.AppStore|ARM.ActiveCfg = Release|ARM
		{E532B802-D31F-44FA-9D33-07B998028A36}.AppStore|ARM.Build.0 = Release|ARM
		{E532B802-D31F-44FA-9D33-07B998028A36}.AppStore|ARM.Deploy.0 = Release|ARM
		{E532B802-D31F-44FA-9D33-07B998028A36}.AppStore|iPhone.ActiveCfg = Release|Any CPU
		{E532B802-D31F-44FA-9D33-07B998028A36}.AppStore|iPhoneSimulator.ActiveCfg = Release|Any CPU
		{E532B802-D31F-44FA-9D33-07B998028A36}.AppStore|Mixed Platforms.ActiveCfg = Release|x86
		{E532B802-D31F-44FA-9D33-07B998028A36}.AppStore|Mixed Platforms.Build.0 = Release|x86
		{E532B802-D31F-44FA-9D33-07B998028A36}.AppStore|Mixed Platforms.Deploy.0 = Release|x86
		{E532B802-D31F-44FA-9D33-07B998028A36}.AppStore|x64.ActiveCfg = Release|x64
		{E532B802-D31F-44FA-9D33-07B998028A36}.AppStore|x64.Build.0 = Release|x64
		{E532B802-D31F-44FA-9D33-07B998028A36}.AppStore|x64.Deploy.0 = Release|x64
		{E532B802-D31F-44FA-9D33-07B998028A36}.AppStore|x86.ActiveCfg = Release|x86
		{E532B802-D31F-44FA-9D33-07B998028A36}.AppStore|x86.Build.0 = Release|x86
		{E532B802-D31F-44FA-9D33-07B998028A36}.AppStore|x86.Deploy.0 = Release|x86
		{E532B802-D31F-44FA-9D33-07B998028A36}.Debug|Any CPU.ActiveCfg = Debug|Any CPU
		{E532B802-D31F-44FA-9D33-07B998028A36}.Debug|Any CPU.Build.0 = Debug|Any CPU
		{E532B802-D31F-44FA-9D33-07B998028A36}.Debug|Any CPU.Deploy.0 = Debug|Any CPU
		{E532B802-D31F-44FA-9D33-07B998028A36}.Debug|ARM.ActiveCfg = Debug|ARM
		{E532B802-D31F-44FA-9D33-07B998028A36}.Debug|ARM.Build.0 = Debug|ARM
		{E532B802-D31F-44FA-9D33-07B998028A36}.Debug|ARM.Deploy.0 = Debug|ARM
		{E532B802-D31F-44FA-9D33-07B998028A36}.Debug|iPhone.ActiveCfg = Debug|Any CPU
		{E532B802-D31F-44FA-9D33-07B998028A36}.Debug|iPhoneSimulator.ActiveCfg = Debug|Any CPU
		{E532B802-D31F-44FA-9D33-07B998028A36}.Debug|Mixed Platforms.ActiveCfg = Debug|x86
		{E532B802-D31F-44FA-9D33-07B998028A36}.Debug|Mixed Platforms.Build.0 = Debug|x86
		{E532B802-D31F-44FA-9D33-07B998028A36}.Debug|Mixed Platforms.Deploy.0 = Debug|x86
		{E532B802-D31F-44FA-9D33-07B998028A36}.Debug|x64.ActiveCfg = Debug|x64
		{E532B802-D31F-44FA-9D33-07B998028A36}.Debug|x64.Build.0 = Debug|x64
		{E532B802-D31F-44FA-9D33-07B998028A36}.Debug|x64.Deploy.0 = Debug|x64
		{E532B802-D31F-44FA-9D33-07B998028A36}.Debug|x86.ActiveCfg = Debug|x86
		{E532B802-D31F-44FA-9D33-07B998028A36}.Debug|x86.Build.0 = Debug|x86
		{E532B802-D31F-44FA-9D33-07B998028A36}.Debug|x86.Deploy.0 = Debug|x86
		{E532B802-D31F-44FA-9D33-07B998028A36}.Release|Any CPU.ActiveCfg = Release|Any CPU
		{E532B802-D31F-44FA-9D33-07B998028A36}.Release|Any CPU.Build.0 = Release|Any CPU
		{E532B802-D31F-44FA-9D33-07B998028A36}.Release|Any CPU.Deploy.0 = Release|Any CPU
		{E532B802-D31F-44FA-9D33-07B998028A36}.Release|ARM.ActiveCfg = Release|ARM
		{E532B802-D31F-44FA-9D33-07B998028A36}.Release|ARM.Build.0 = Release|ARM
		{E532B802-D31F-44FA-9D33-07B998028A36}.Release|ARM.Deploy.0 = Release|ARM
		{E532B802-D31F-44FA-9D33-07B998028A36}.Release|iPhone.ActiveCfg = Release|Any CPU
		{E532B802-D31F-44FA-9D33-07B998028A36}.Release|iPhoneSimulator.ActiveCfg = Release|Any CPU
		{E532B802-D31F-44FA-9D33-07B998028A36}.Release|Mixed Platforms.ActiveCfg = Release|x86
		{E532B802-D31F-44FA-9D33-07B998028A36}.Release|Mixed Platforms.Build.0 = Release|x86
		{E532B802-D31F-44FA-9D33-07B998028A36}.Release|Mixed Platforms.Deploy.0 = Release|x86
		{E532B802-D31F-44FA-9D33-07B998028A36}.Release|x64.ActiveCfg = Release|x64
		{E532B802-D31F-44FA-9D33-07B998028A36}.Release|x64.Build.0 = Release|x64
		{E532B802-D31F-44FA-9D33-07B998028A36}.Release|x64.Deploy.0 = Release|x64
		{E532B802-D31F-44FA-9D33-07B998028A36}.Release|x86.ActiveCfg = Release|x86
		{E532B802-D31F-44FA-9D33-07B998028A36}.Release|x86.Build.0 = Release|x86
		{E532B802-D31F-44FA-9D33-07B998028A36}.Release|x86.Deploy.0 = Release|x86
		{5FFF6C9D-5E68-4E69-A0EE-FA6EC7398584}.Ad-Hoc|Any CPU.ActiveCfg = Release|Any CPU
		{5FFF6C9D-5E68-4E69-A0EE-FA6EC7398584}.Ad-Hoc|Any CPU.Build.0 = Release|Any CPU
		{5FFF6C9D-5E68-4E69-A0EE-FA6EC7398584}.Ad-Hoc|ARM.ActiveCfg = Release|Any CPU
		{5FFF6C9D-5E68-4E69-A0EE-FA6EC7398584}.Ad-Hoc|iPhone.ActiveCfg = Release|Any CPU
		{5FFF6C9D-5E68-4E69-A0EE-FA6EC7398584}.Ad-Hoc|iPhoneSimulator.ActiveCfg = Release|Any CPU
		{5FFF6C9D-5E68-4E69-A0EE-FA6EC7398584}.Ad-Hoc|Mixed Platforms.ActiveCfg = Release|Any CPU
		{5FFF6C9D-5E68-4E69-A0EE-FA6EC7398584}.Ad-Hoc|Mixed Platforms.Build.0 = Release|Any CPU
		{5FFF6C9D-5E68-4E69-A0EE-FA6EC7398584}.Ad-Hoc|x64.ActiveCfg = Release|Any CPU
		{5FFF6C9D-5E68-4E69-A0EE-FA6EC7398584}.Ad-Hoc|x86.ActiveCfg = Release|Any CPU
		{5FFF6C9D-5E68-4E69-A0EE-FA6EC7398584}.AppStore|Any CPU.ActiveCfg = Release|Any CPU
		{5FFF6C9D-5E68-4E69-A0EE-FA6EC7398584}.AppStore|Any CPU.Build.0 = Release|Any CPU
		{5FFF6C9D-5E68-4E69-A0EE-FA6EC7398584}.AppStore|ARM.ActiveCfg = Release|Any CPU
		{5FFF6C9D-5E68-4E69-A0EE-FA6EC7398584}.AppStore|iPhone.ActiveCfg = Release|Any CPU
		{5FFF6C9D-5E68-4E69-A0EE-FA6EC7398584}.AppStore|iPhoneSimulator.ActiveCfg = Release|Any CPU
		{5FFF6C9D-5E68-4E69-A0EE-FA6EC7398584}.AppStore|Mixed Platforms.ActiveCfg = Release|Any CPU
		{5FFF6C9D-5E68-4E69-A0EE-FA6EC7398584}.AppStore|Mixed Platforms.Build.0 = Release|Any CPU
		{5FFF6C9D-5E68-4E69-A0EE-FA6EC7398584}.AppStore|x64.ActiveCfg = Release|Any CPU
		{5FFF6C9D-5E68-4E69-A0EE-FA6EC7398584}.AppStore|x86.ActiveCfg = Release|Any CPU
		{5FFF6C9D-5E68-4E69-A0EE-FA6EC7398584}.Debug|Any CPU.ActiveCfg = Debug|Any CPU
		{5FFF6C9D-5E68-4E69-A0EE-FA6EC7398584}.Debug|Any CPU.Build.0 = Debug|Any CPU
		{5FFF6C9D-5E68-4E69-A0EE-FA6EC7398584}.Debug|ARM.ActiveCfg = Debug|Any CPU
		{5FFF6C9D-5E68-4E69-A0EE-FA6EC7398584}.Debug|iPhone.ActiveCfg = Debug|Any CPU
		{5FFF6C9D-5E68-4E69-A0EE-FA6EC7398584}.Debug|iPhoneSimulator.ActiveCfg = Debug|Any CPU
		{5FFF6C9D-5E68-4E69-A0EE-FA6EC7398584}.Debug|Mixed Platforms.ActiveCfg = Debug|Any CPU
		{5FFF6C9D-5E68-4E69-A0EE-FA6EC7398584}.Debug|Mixed Platforms.Build.0 = Debug|Any CPU
		{5FFF6C9D-5E68-4E69-A0EE-FA6EC7398584}.Debug|x64.ActiveCfg = Debug|Any CPU
		{5FFF6C9D-5E68-4E69-A0EE-FA6EC7398584}.Debug|x86.ActiveCfg = Debug|Any CPU
		{5FFF6C9D-5E68-4E69-A0EE-FA6EC7398584}.Release|Any CPU.ActiveCfg = Release|Any CPU
		{5FFF6C9D-5E68-4E69-A0EE-FA6EC7398584}.Release|Any CPU.Build.0 = Release|Any CPU
		{5FFF6C9D-5E68-4E69-A0EE-FA6EC7398584}.Release|ARM.ActiveCfg = Release|Any CPU
		{5FFF6C9D-5E68-4E69-A0EE-FA6EC7398584}.Release|iPhone.ActiveCfg = Release|Any CPU
		{5FFF6C9D-5E68-4E69-A0EE-FA6EC7398584}.Release|iPhoneSimulator.ActiveCfg = Release|Any CPU
		{5FFF6C9D-5E68-4E69-A0EE-FA6EC7398584}.Release|Mixed Platforms.ActiveCfg = Release|Any CPU
		{5FFF6C9D-5E68-4E69-A0EE-FA6EC7398584}.Release|Mixed Platforms.Build.0 = Release|Any CPU
		{5FFF6C9D-5E68-4E69-A0EE-FA6EC7398584}.Release|x64.ActiveCfg = Release|Any CPU
		{5FFF6C9D-5E68-4E69-A0EE-FA6EC7398584}.Release|x86.ActiveCfg = Release|Any CPU
		{8CB24B91-0A95-4F11-9003-E45B59A0F0F2}.Ad-Hoc|Any CPU.ActiveCfg = Ad-Hoc|iPhone
		{8CB24B91-0A95-4F11-9003-E45B59A0F0F2}.Ad-Hoc|ARM.ActiveCfg = Ad-Hoc|iPhone
		{8CB24B91-0A95-4F11-9003-E45B59A0F0F2}.Ad-Hoc|iPhone.ActiveCfg = Ad-Hoc|iPhone
		{8CB24B91-0A95-4F11-9003-E45B59A0F0F2}.Ad-Hoc|iPhone.Build.0 = Ad-Hoc|iPhone
		{8CB24B91-0A95-4F11-9003-E45B59A0F0F2}.Ad-Hoc|iPhone.Deploy.0 = Ad-Hoc|iPhone
		{8CB24B91-0A95-4F11-9003-E45B59A0F0F2}.Ad-Hoc|iPhoneSimulator.ActiveCfg = Ad-Hoc|iPhoneSimulator
		{8CB24B91-0A95-4F11-9003-E45B59A0F0F2}.Ad-Hoc|iPhoneSimulator.Build.0 = Ad-Hoc|iPhoneSimulator
		{8CB24B91-0A95-4F11-9003-E45B59A0F0F2}.Ad-Hoc|iPhoneSimulator.Deploy.0 = Ad-Hoc|iPhoneSimulator
		{8CB24B91-0A95-4F11-9003-E45B59A0F0F2}.Ad-Hoc|Mixed Platforms.ActiveCfg = Ad-Hoc|iPhone
		{8CB24B91-0A95-4F11-9003-E45B59A0F0F2}.Ad-Hoc|Mixed Platforms.Build.0 = Ad-Hoc|iPhone
		{8CB24B91-0A95-4F11-9003-E45B59A0F0F2}.Ad-Hoc|Mixed Platforms.Deploy.0 = Ad-Hoc|iPhone
		{8CB24B91-0A95-4F11-9003-E45B59A0F0F2}.Ad-Hoc|x64.ActiveCfg = Ad-Hoc|iPhone
		{8CB24B91-0A95-4F11-9003-E45B59A0F0F2}.Ad-Hoc|x86.ActiveCfg = Ad-Hoc|iPhone
		{8CB24B91-0A95-4F11-9003-E45B59A0F0F2}.AppStore|Any CPU.ActiveCfg = AppStore|iPhone
		{8CB24B91-0A95-4F11-9003-E45B59A0F0F2}.AppStore|ARM.ActiveCfg = AppStore|iPhone
		{8CB24B91-0A95-4F11-9003-E45B59A0F0F2}.AppStore|iPhone.ActiveCfg = AppStore|iPhone
		{8CB24B91-0A95-4F11-9003-E45B59A0F0F2}.AppStore|iPhone.Build.0 = AppStore|iPhone
		{8CB24B91-0A95-4F11-9003-E45B59A0F0F2}.AppStore|iPhone.Deploy.0 = AppStore|iPhone
		{8CB24B91-0A95-4F11-9003-E45B59A0F0F2}.AppStore|iPhoneSimulator.ActiveCfg = AppStore|iPhoneSimulator
		{8CB24B91-0A95-4F11-9003-E45B59A0F0F2}.AppStore|iPhoneSimulator.Build.0 = AppStore|iPhoneSimulator
		{8CB24B91-0A95-4F11-9003-E45B59A0F0F2}.AppStore|iPhoneSimulator.Deploy.0 = AppStore|iPhoneSimulator
		{8CB24B91-0A95-4F11-9003-E45B59A0F0F2}.AppStore|Mixed Platforms.ActiveCfg = AppStore|iPhone
		{8CB24B91-0A95-4F11-9003-E45B59A0F0F2}.AppStore|Mixed Platforms.Build.0 = AppStore|iPhone
		{8CB24B91-0A95-4F11-9003-E45B59A0F0F2}.AppStore|Mixed Platforms.Deploy.0 = AppStore|iPhone
		{8CB24B91-0A95-4F11-9003-E45B59A0F0F2}.AppStore|x64.ActiveCfg = AppStore|iPhone
		{8CB24B91-0A95-4F11-9003-E45B59A0F0F2}.AppStore|x86.ActiveCfg = AppStore|iPhone
		{8CB24B91-0A95-4F11-9003-E45B59A0F0F2}.Debug|Any CPU.ActiveCfg = Debug|iPhone
		{8CB24B91-0A95-4F11-9003-E45B59A0F0F2}.Debug|ARM.ActiveCfg = Debug|iPhone
		{8CB24B91-0A95-4F11-9003-E45B59A0F0F2}.Debug|iPhone.ActiveCfg = Debug|iPhone
		{8CB24B91-0A95-4F11-9003-E45B59A0F0F2}.Debug|iPhone.Build.0 = Debug|iPhone
		{8CB24B91-0A95-4F11-9003-E45B59A0F0F2}.Debug|iPhone.Deploy.0 = Debug|iPhone
		{8CB24B91-0A95-4F11-9003-E45B59A0F0F2}.Debug|iPhoneSimulator.ActiveCfg = Debug|iPhoneSimulator
		{8CB24B91-0A95-4F11-9003-E45B59A0F0F2}.Debug|iPhoneSimulator.Build.0 = Debug|iPhoneSimulator
		{8CB24B91-0A95-4F11-9003-E45B59A0F0F2}.Debug|iPhoneSimulator.Deploy.0 = Debug|iPhoneSimulator
		{8CB24B91-0A95-4F11-9003-E45B59A0F0F2}.Debug|Mixed Platforms.ActiveCfg = Debug|iPhone
		{8CB24B91-0A95-4F11-9003-E45B59A0F0F2}.Debug|Mixed Platforms.Build.0 = Debug|iPhone
		{8CB24B91-0A95-4F11-9003-E45B59A0F0F2}.Debug|Mixed Platforms.Deploy.0 = Debug|iPhone
		{8CB24B91-0A95-4F11-9003-E45B59A0F0F2}.Debug|x64.ActiveCfg = Debug|iPhone
		{8CB24B91-0A95-4F11-9003-E45B59A0F0F2}.Debug|x86.ActiveCfg = Debug|iPhone
		{8CB24B91-0A95-4F11-9003-E45B59A0F0F2}.Release|Any CPU.ActiveCfg = Release|iPhone
		{8CB24B91-0A95-4F11-9003-E45B59A0F0F2}.Release|ARM.ActiveCfg = Release|iPhone
		{8CB24B91-0A95-4F11-9003-E45B59A0F0F2}.Release|iPhone.ActiveCfg = Release|iPhone
		{8CB24B91-0A95-4F11-9003-E45B59A0F0F2}.Release|iPhone.Build.0 = Release|iPhone
		{8CB24B91-0A95-4F11-9003-E45B59A0F0F2}.Release|iPhone.Deploy.0 = Release|iPhone
		{8CB24B91-0A95-4F11-9003-E45B59A0F0F2}.Release|iPhoneSimulator.ActiveCfg = Release|iPhoneSimulator
		{8CB24B91-0A95-4F11-9003-E45B59A0F0F2}.Release|iPhoneSimulator.Build.0 = Release|iPhoneSimulator
		{8CB24B91-0A95-4F11-9003-E45B59A0F0F2}.Release|iPhoneSimulator.Deploy.0 = Release|iPhoneSimulator
		{8CB24B91-0A95-4F11-9003-E45B59A0F0F2}.Release|Mixed Platforms.ActiveCfg = Release|iPhone
		{8CB24B91-0A95-4F11-9003-E45B59A0F0F2}.Release|Mixed Platforms.Build.0 = Release|iPhone
		{8CB24B91-0A95-4F11-9003-E45B59A0F0F2}.Release|Mixed Platforms.Deploy.0 = Release|iPhone
		{8CB24B91-0A95-4F11-9003-E45B59A0F0F2}.Release|x64.ActiveCfg = Release|iPhone
		{8CB24B91-0A95-4F11-9003-E45B59A0F0F2}.Release|x86.ActiveCfg = Release|iPhone
		{917F97EB-E38E-4948-B116-5304D942A2A9}.Ad-Hoc|Any CPU.ActiveCfg = Release|Any CPU
		{917F97EB-E38E-4948-B116-5304D942A2A9}.Ad-Hoc|Any CPU.Build.0 = Release|Any CPU
		{917F97EB-E38E-4948-B116-5304D942A2A9}.Ad-Hoc|ARM.ActiveCfg = Release|Any CPU
		{917F97EB-E38E-4948-B116-5304D942A2A9}.Ad-Hoc|iPhone.ActiveCfg = Release|Any CPU
		{917F97EB-E38E-4948-B116-5304D942A2A9}.Ad-Hoc|iPhoneSimulator.ActiveCfg = Release|Any CPU
		{917F97EB-E38E-4948-B116-5304D942A2A9}.Ad-Hoc|Mixed Platforms.ActiveCfg = Release|Any CPU
		{917F97EB-E38E-4948-B116-5304D942A2A9}.Ad-Hoc|Mixed Platforms.Build.0 = Release|Any CPU
		{917F97EB-E38E-4948-B116-5304D942A2A9}.Ad-Hoc|x64.ActiveCfg = Release|Any CPU
		{917F97EB-E38E-4948-B116-5304D942A2A9}.Ad-Hoc|x86.ActiveCfg = Release|Any CPU
		{917F97EB-E38E-4948-B116-5304D942A2A9}.AppStore|Any CPU.ActiveCfg = Release|Any CPU
		{917F97EB-E38E-4948-B116-5304D942A2A9}.AppStore|Any CPU.Build.0 = Release|Any CPU
		{917F97EB-E38E-4948-B116-5304D942A2A9}.AppStore|ARM.ActiveCfg = Release|Any CPU
		{917F97EB-E38E-4948-B116-5304D942A2A9}.AppStore|iPhone.ActiveCfg = Release|Any CPU
		{917F97EB-E38E-4948-B116-5304D942A2A9}.AppStore|iPhoneSimulator.ActiveCfg = Release|Any CPU
		{917F97EB-E38E-4948-B116-5304D942A2A9}.AppStore|Mixed Platforms.ActiveCfg = Release|Any CPU
		{917F97EB-E38E-4948-B116-5304D942A2A9}.AppStore|Mixed Platforms.Build.0 = Release|Any CPU
		{917F97EB-E38E-4948-B116-5304D942A2A9}.AppStore|x64.ActiveCfg = Release|Any CPU
		{917F97EB-E38E-4948-B116-5304D942A2A9}.AppStore|x86.ActiveCfg = Release|Any CPU
		{917F97EB-E38E-4948-B116-5304D942A2A9}.Debug|Any CPU.ActiveCfg = Debug|Any CPU
		{917F97EB-E38E-4948-B116-5304D942A2A9}.Debug|Any CPU.Build.0 = Debug|Any CPU
		{917F97EB-E38E-4948-B116-5304D942A2A9}.Debug|ARM.ActiveCfg = Debug|Any CPU
		{917F97EB-E38E-4948-B116-5304D942A2A9}.Debug|iPhone.ActiveCfg = Debug|Any CPU
		{917F97EB-E38E-4948-B116-5304D942A2A9}.Debug|iPhoneSimulator.ActiveCfg = Debug|Any CPU
		{917F97EB-E38E-4948-B116-5304D942A2A9}.Debug|Mixed Platforms.ActiveCfg = Debug|Any CPU
		{917F97EB-E38E-4948-B116-5304D942A2A9}.Debug|Mixed Platforms.Build.0 = Debug|Any CPU
		{917F97EB-E38E-4948-B116-5304D942A2A9}.Debug|x64.ActiveCfg = Debug|Any CPU
		{917F97EB-E38E-4948-B116-5304D942A2A9}.Debug|x86.ActiveCfg = Debug|Any CPU
		{917F97EB-E38E-4948-B116-5304D942A2A9}.Release|Any CPU.ActiveCfg = Release|Any CPU
		{917F97EB-E38E-4948-B116-5304D942A2A9}.Release|Any CPU.Build.0 = Release|Any CPU
		{917F97EB-E38E-4948-B116-5304D942A2A9}.Release|ARM.ActiveCfg = Release|Any CPU
		{917F97EB-E38E-4948-B116-5304D942A2A9}.Release|iPhone.ActiveCfg = Release|Any CPU
		{917F97EB-E38E-4948-B116-5304D942A2A9}.Release|iPhoneSimulator.ActiveCfg = Release|Any CPU
		{917F97EB-E38E-4948-B116-5304D942A2A9}.Release|Mixed Platforms.ActiveCfg = Release|Any CPU
		{917F97EB-E38E-4948-B116-5304D942A2A9}.Release|Mixed Platforms.Build.0 = Release|Any CPU
		{917F97EB-E38E-4948-B116-5304D942A2A9}.Release|x64.ActiveCfg = Release|Any CPU
		{917F97EB-E38E-4948-B116-5304D942A2A9}.Release|x86.ActiveCfg = Release|Any CPU
		{C751FD69-2CD1-4216-AAA4-80F4913BC457}.Ad-Hoc|Any CPU.ActiveCfg = Release|Any CPU
		{C751FD69-2CD1-4216-AAA4-80F4913BC457}.Ad-Hoc|Any CPU.Build.0 = Release|Any CPU
		{C751FD69-2CD1-4216-AAA4-80F4913BC457}.Ad-Hoc|Any CPU.Deploy.0 = Release|Any CPU
		{C751FD69-2CD1-4216-AAA4-80F4913BC457}.Ad-Hoc|ARM.ActiveCfg = Release|Any CPU
		{C751FD69-2CD1-4216-AAA4-80F4913BC457}.Ad-Hoc|iPhone.ActiveCfg = Release|Any CPU
		{C751FD69-2CD1-4216-AAA4-80F4913BC457}.Ad-Hoc|iPhoneSimulator.ActiveCfg = Release|Any CPU
		{C751FD69-2CD1-4216-AAA4-80F4913BC457}.Ad-Hoc|Mixed Platforms.ActiveCfg = Release|Any CPU
		{C751FD69-2CD1-4216-AAA4-80F4913BC457}.Ad-Hoc|Mixed Platforms.Build.0 = Release|Any CPU
		{C751FD69-2CD1-4216-AAA4-80F4913BC457}.Ad-Hoc|Mixed Platforms.Deploy.0 = Release|Any CPU
		{C751FD69-2CD1-4216-AAA4-80F4913BC457}.Ad-Hoc|x64.ActiveCfg = Release|Any CPU
		{C751FD69-2CD1-4216-AAA4-80F4913BC457}.Ad-Hoc|x86.ActiveCfg = Release|Any CPU
		{C751FD69-2CD1-4216-AAA4-80F4913BC457}.AppStore|Any CPU.ActiveCfg = Release|Any CPU
		{C751FD69-2CD1-4216-AAA4-80F4913BC457}.AppStore|Any CPU.Build.0 = Release|Any CPU
		{C751FD69-2CD1-4216-AAA4-80F4913BC457}.AppStore|Any CPU.Deploy.0 = Release|Any CPU
		{C751FD69-2CD1-4216-AAA4-80F4913BC457}.AppStore|ARM.ActiveCfg = Release|Any CPU
		{C751FD69-2CD1-4216-AAA4-80F4913BC457}.AppStore|iPhone.ActiveCfg = Release|Any CPU
		{C751FD69-2CD1-4216-AAA4-80F4913BC457}.AppStore|iPhoneSimulator.ActiveCfg = Release|Any CPU
		{C751FD69-2CD1-4216-AAA4-80F4913BC457}.AppStore|Mixed Platforms.ActiveCfg = Release|Any CPU
		{C751FD69-2CD1-4216-AAA4-80F4913BC457}.AppStore|Mixed Platforms.Build.0 = Release|Any CPU
		{C751FD69-2CD1-4216-AAA4-80F4913BC457}.AppStore|Mixed Platforms.Deploy.0 = Release|Any CPU
		{C751FD69-2CD1-4216-AAA4-80F4913BC457}.AppStore|x64.ActiveCfg = Release|Any CPU
		{C751FD69-2CD1-4216-AAA4-80F4913BC457}.AppStore|x86.ActiveCfg = Release|Any CPU
		{C751FD69-2CD1-4216-AAA4-80F4913BC457}.Debug|Any CPU.ActiveCfg = Debug|Any CPU
		{C751FD69-2CD1-4216-AAA4-80F4913BC457}.Debug|Any CPU.Build.0 = Debug|Any CPU
		{C751FD69-2CD1-4216-AAA4-80F4913BC457}.Debug|Any CPU.Deploy.0 = Debug|Any CPU
		{C751FD69-2CD1-4216-AAA4-80F4913BC457}.Debug|ARM.ActiveCfg = Debug|Any CPU
		{C751FD69-2CD1-4216-AAA4-80F4913BC457}.Debug|iPhone.ActiveCfg = Debug|Any CPU
		{C751FD69-2CD1-4216-AAA4-80F4913BC457}.Debug|iPhoneSimulator.ActiveCfg = Debug|Any CPU
		{C751FD69-2CD1-4216-AAA4-80F4913BC457}.Debug|Mixed Platforms.ActiveCfg = Debug|Any CPU
		{C751FD69-2CD1-4216-AAA4-80F4913BC457}.Debug|Mixed Platforms.Build.0 = Debug|Any CPU
		{C751FD69-2CD1-4216-AAA4-80F4913BC457}.Debug|Mixed Platforms.Deploy.0 = Debug|Any CPU
		{C751FD69-2CD1-4216-AAA4-80F4913BC457}.Debug|x64.ActiveCfg = Debug|Any CPU
		{C751FD69-2CD1-4216-AAA4-80F4913BC457}.Debug|x86.ActiveCfg = Debug|Any CPU
		{C751FD69-2CD1-4216-AAA4-80F4913BC457}.Release|Any CPU.ActiveCfg = Release|Any CPU
		{C751FD69-2CD1-4216-AAA4-80F4913BC457}.Release|Any CPU.Build.0 = Release|Any CPU
		{C751FD69-2CD1-4216-AAA4-80F4913BC457}.Release|Any CPU.Deploy.0 = Release|Any CPU
		{C751FD69-2CD1-4216-AAA4-80F4913BC457}.Release|ARM.ActiveCfg = Release|Any CPU
		{C751FD69-2CD1-4216-AAA4-80F4913BC457}.Release|iPhone.ActiveCfg = Release|Any CPU
		{C751FD69-2CD1-4216-AAA4-80F4913BC457}.Release|iPhoneSimulator.ActiveCfg = Release|Any CPU
		{C751FD69-2CD1-4216-AAA4-80F4913BC457}.Release|Mixed Platforms.ActiveCfg = Release|Any CPU
		{C751FD69-2CD1-4216-AAA4-80F4913BC457}.Release|Mixed Platforms.Build.0 = Release|Any CPU
		{C751FD69-2CD1-4216-AAA4-80F4913BC457}.Release|Mixed Platforms.Deploy.0 = Release|Any CPU
		{C751FD69-2CD1-4216-AAA4-80F4913BC457}.Release|x64.ActiveCfg = Release|Any CPU
		{C751FD69-2CD1-4216-AAA4-80F4913BC457}.Release|x86.ActiveCfg = Release|Any CPU
	EndGlobalSection
	GlobalSection(SolutionProperties) = preSolution
		HideSolutionNode = FALSE
	EndGlobalSection
EndGlobal
